// !$*UTF8*$!
{
	archiveVersion = 1;
	classes = {
	};
	objectVersion = 46;
	objects = {

/* Begin PBXBuildFile section */
		1215A6441EA8453E0021F75B /* main.m in Sources */ = {isa = PBXBuildFile; fileRef = 1215A6431EA8453E0021F75B /* main.m */; };
		1215A6471EA8453E0021F75B /* AppDelegate.m in Sources */ = {isa = PBXBuildFile; fileRef = 1215A6461EA8453E0021F75B /* AppDelegate.m */; };
		1215A64A1EA8453E0021F75B /* ViewController.m in Sources */ = {isa = PBXBuildFile; fileRef = 1215A6491EA8453E0021F75B /* ViewController.m */; };
		1215A64D1EA8453E0021F75B /* Main.storyboard in Resources */ = {isa = PBXBuildFile; fileRef = 1215A64B1EA8453E0021F75B /* Main.storyboard */; };
		1215A64F1EA8453E0021F75B /* Assets.xcassets in Resources */ = {isa = PBXBuildFile; fileRef = 1215A64E1EA8453E0021F75B /* Assets.xcassets */; };
		1215A6521EA8453E0021F75B /* LaunchScreen.storyboard in Resources */ = {isa = PBXBuildFile; fileRef = 1215A6501EA8453E0021F75B /* LaunchScreen.storyboard */; };
		1215A6671EA8469B0021F75B /* h5.html in Resources */ = {isa = PBXBuildFile; fileRef = 1215A6661EA8469B0021F75B /* h5.html */; };
		1215A6711EA8488B0021F75B /* WKBridge.m in Sources */ = {isa = PBXBuildFile; fileRef = 1215A66A1EA8488B0021F75B /* WKBridge.m */; };
		1215A6731EA8488B0021F75B /* WKJsBridge.m in Sources */ = {isa = PBXBuildFile; fileRef = 1215A66E1EA8488B0021F75B /* WKJsBridge.m */; };
		1215A6741EA8488B0021F75B /* WKWebView+JS.m in Sources */ = {isa = PBXBuildFile; fileRef = 1215A6701EA8488B0021F75B /* WKWebView+JS.m */; };
		1215A6791EA848C30021F75B /* UIViewControllerExtension.m in Sources */ = {isa = PBXBuildFile; fileRef = 1215A6781EA848C30021F75B /* UIViewControllerExtension.m */; };
		1215A67C1EA849070021F75B /* NSString+Add.m in Sources */ = {isa = PBXBuildFile; fileRef = 1215A67B1EA849070021F75B /* NSString+Add.m */; };
		1215A6801EA8497F0021F75B /* NSObjectExtension.m in Sources */ = {isa = PBXBuildFile; fileRef = 1215A67F1EA8497F0021F75B /* NSObjectExtension.m */; };
		1215A68E1EA855250021F75B /* WKAlertBridge.m in Sources */ = {isa = PBXBuildFile; fileRef = 1215A68B1EA855250021F75B /* WKAlertBridge.m */; };
		1215A68F1EA855250021F75B /* WKNavigationBridge.m in Sources */ = {isa = PBXBuildFile; fileRef = 1215A68D1EA855250021F75B /* WKNavigationBridge.m */; };
		1215A6921EA8554D0021F75B /* WKLogBridge.m in Sources */ = {isa = PBXBuildFile; fileRef = 1215A6911EA8554D0021F75B /* WKLogBridge.m */; };
		125EE58C1EB04CD90019D17F /* ConcatenateController.m in Sources */ = {isa = PBXBuildFile; fileRef = 125EE58B1EB04CD90019D17F /* ConcatenateController.m */; };
		125EE5A01EB0855D0019D17F /* WKController.m in Sources */ = {isa = PBXBuildFile; fileRef = 125EE59F1EB0855D0019D17F /* WKController.m */; };
/* End PBXBuildFile section */

/* Begin PBXFileReference section */
		1215A63F1EA8453E0021F75B /* WKBridge.app */ = {isa = PBXFileReference; explicitFileType = wrapper.application; includeInIndex = 0; path = WKBridge.app; sourceTree = BUILT_PRODUCTS_DIR; };
		1215A6431EA8453E0021F75B /* main.m */ = {isa = PBXFileReference; lastKnownFileType = sourcecode.c.objc; path = main.m; sourceTree = "<group>"; };
		1215A6451EA8453E0021F75B /* AppDelegate.h */ = {isa = PBXFileReference; lastKnownFileType = sourcecode.c.h; path = AppDelegate.h; sourceTree = "<group>"; };
		1215A6461EA8453E0021F75B /* AppDelegate.m */ = {isa = PBXFileReference; lastKnownFileType = sourcecode.c.objc; path = AppDelegate.m; sourceTree = "<group>"; };
		1215A6481EA8453E0021F75B /* ViewController.h */ = {isa = PBXFileReference; lastKnownFileType = sourcecode.c.h; path = ViewController.h; sourceTree = "<group>"; };
		1215A6491EA8453E0021F75B /* ViewController.m */ = {isa = PBXFileReference; lastKnownFileType = sourcecode.c.objc; path = ViewController.m; sourceTree = "<group>"; };
		1215A64C1EA8453E0021F75B /* Base */ = {isa = PBXFileReference; lastKnownFileType = file.storyboard; name = Base; path = Base.lproj/Main.storyboard; sourceTree = "<group>"; };
		1215A64E1EA8453E0021F75B /* Assets.xcassets */ = {isa = PBXFileReference; lastKnownFileType = folder.assetcatalog; path = Assets.xcassets; sourceTree = "<group>"; };
		1215A6511EA8453E0021F75B /* Base */ = {isa = PBXFileReference; lastKnownFileType = file.storyboard; name = Base; path = Base.lproj/LaunchScreen.storyboard; sourceTree = "<group>"; };
		1215A6531EA8453E0021F75B /* Info.plist */ = {isa = PBXFileReference; lastKnownFileType = text.plist.xml; path = Info.plist; sourceTree = "<group>"; };
		1215A6661EA8469B0021F75B /* h5.html */ = {isa = PBXFileReference; fileEncoding = 4; lastKnownFileType = text.html; path = h5.html; sourceTree = "<group>"; };
		1215A6691EA8488B0021F75B /* WKBridge.h */ = {isa = PBXFileReference; fileEncoding = 4; lastKnownFileType = sourcecode.c.h; path = WKBridge.h; sourceTree = "<group>"; };
		1215A66A1EA8488B0021F75B /* WKBridge.m */ = {isa = PBXFileReference; fileEncoding = 4; lastKnownFileType = sourcecode.c.objc; path = WKBridge.m; sourceTree = "<group>"; };
		1215A66B1EA8488B0021F75B /* WKController.h */ = {isa = PBXFileReference; fileEncoding = 4; lastKnownFileType = sourcecode.c.h; path = WKController.h; sourceTree = "<group>"; };
		1215A66D1EA8488B0021F75B /* WKJsBridge.h */ = {isa = PBXFileReference; fileEncoding = 4; lastKnownFileType = sourcecode.c.h; path = WKJsBridge.h; sourceTree = "<group>"; };
		1215A66E1EA8488B0021F75B /* WKJsBridge.m */ = {isa = PBXFileReference; fileEncoding = 4; lastKnownFileType = sourcecode.c.objc; path = WKJsBridge.m; sourceTree = "<group>"; };
		1215A66F1EA8488B0021F75B /* WKWebView+JS.h */ = {isa = PBXFileReference; fileEncoding = 4; lastKnownFileType = sourcecode.c.h; path = "WKWebView+JS.h"; sourceTree = "<group>"; };
		1215A6701EA8488B0021F75B /* WKWebView+JS.m */ = {isa = PBXFileReference; fileEncoding = 4; lastKnownFileType = sourcecode.c.objc; path = "WKWebView+JS.m"; sourceTree = "<group>"; };
		1215A6771EA848C30021F75B /* UIViewControllerExtension.h */ = {isa = PBXFileReference; fileEncoding = 4; lastKnownFileType = sourcecode.c.h; path = UIViewControllerExtension.h; sourceTree = "<group>"; };
		1215A6781EA848C30021F75B /* UIViewControllerExtension.m */ = {isa = PBXFileReference; fileEncoding = 4; lastKnownFileType = sourcecode.c.objc; path = UIViewControllerExtension.m; sourceTree = "<group>"; };
		1215A67A1EA849070021F75B /* NSString+Add.h */ = {isa = PBXFileReference; fileEncoding = 4; lastKnownFileType = sourcecode.c.h; path = "NSString+Add.h"; sourceTree = "<group>"; };
		1215A67B1EA849070021F75B /* NSString+Add.m */ = {isa = PBXFileReference; fileEncoding = 4; lastKnownFileType = sourcecode.c.objc; path = "NSString+Add.m"; sourceTree = "<group>"; };
		1215A67D1EA849420021F75B /* dimensions.h */ = {isa = PBXFileReference; lastKnownFileType = sourcecode.c.h; path = dimensions.h; sourceTree = "<group>"; };
		1215A67E1EA8497F0021F75B /* NSObjectExtension.h */ = {isa = PBXFileReference; fileEncoding = 4; lastKnownFileType = sourcecode.c.h; path = NSObjectExtension.h; sourceTree = "<group>"; };
		1215A67F1EA8497F0021F75B /* NSObjectExtension.m */ = {isa = PBXFileReference; fileEncoding = 4; lastKnownFileType = sourcecode.c.objc; path = NSObjectExtension.m; sourceTree = "<group>"; };
		1215A68A1EA855250021F75B /* WKAlertBridge.h */ = {isa = PBXFileReference; fileEncoding = 4; lastKnownFileType = sourcecode.c.h; path = WKAlertBridge.h; sourceTree = "<group>"; };
		1215A68B1EA855250021F75B /* WKAlertBridge.m */ = {isa = PBXFileReference; fileEncoding = 4; lastKnownFileType = sourcecode.c.objc; path = WKAlertBridge.m; sourceTree = "<group>"; };
		1215A68C1EA855250021F75B /* WKNavigationBridge.h */ = {isa = PBXFileReference; fileEncoding = 4; lastKnownFileType = sourcecode.c.h; path = WKNavigationBridge.h; sourceTree = "<group>"; };
		1215A68D1EA855250021F75B /* WKNavigationBridge.m */ = {isa = PBXFileReference; fileEncoding = 4; lastKnownFileType = sourcecode.c.objc; path = WKNavigationBridge.m; sourceTree = "<group>"; };
		1215A6901EA8554D0021F75B /* WKLogBridge.h */ = {isa = PBXFileReference; fileEncoding = 4; lastKnownFileType = sourcecode.c.h; path = WKLogBridge.h; sourceTree = "<group>"; };
		1215A6911EA8554D0021F75B /* WKLogBridge.m */ = {isa = PBXFileReference; fileEncoding = 4; lastKnownFileType = sourcecode.c.objc; path = WKLogBridge.m; sourceTree = "<group>"; };
		125EE58A1EB04CD90019D17F /* ConcatenateController.h */ = {isa = PBXFileReference; fileEncoding = 4; lastKnownFileType = sourcecode.c.h; path = ConcatenateController.h; sourceTree = "<group>"; };
		125EE58B1EB04CD90019D17F /* ConcatenateController.m */ = {isa = PBXFileReference; fileEncoding = 4; lastKnownFileType = sourcecode.c.objc; path = ConcatenateController.m; sourceTree = "<group>"; };
		125EE59F1EB0855D0019D17F /* WKController.m */ = {isa = PBXFileReference; fileEncoding = 4; lastKnownFileType = sourcecode.c.objc; path = WKController.m; sourceTree = "<group>"; };
/* End PBXFileReference section */

/* Begin PBXFrameworksBuildPhase section */
		1215A63C1EA8453E0021F75B /* Frameworks */ = {
			isa = PBXFrameworksBuildPhase;
			buildActionMask = 2147483647;
			files = (
			);
			runOnlyForDeploymentPostprocessing = 0;
		};
/* End PBXFrameworksBuildPhase section */

/* Begin PBXGroup section */
		1215A6361EA8453E0021F75B = {
			isa = PBXGroup;
			children = (
				1215A6411EA8453E0021F75B /* WKBridge */,
				1215A6401EA8453E0021F75B /* Products */,
			);
			sourceTree = "<group>";
		};
		1215A6401EA8453E0021F75B /* Products */ = {
			isa = PBXGroup;
			children = (
				1215A63F1EA8453E0021F75B /* WKBridge.app */,
			);
			name = Products;
			sourceTree = "<group>";
		};
		1215A6411EA8453E0021F75B /* WKBridge */ = {
			isa = PBXGroup;
			children = (
				1215A6681EA8488B0021F75B /* WKJsBridge */,
				1215A6451EA8453E0021F75B /* AppDelegate.h */,
				1215A6461EA8453E0021F75B /* AppDelegate.m */,
				1215A6481EA8453E0021F75B /* ViewController.h */,
				1215A6491EA8453E0021F75B /* ViewController.m */,
				1215A64B1EA8453E0021F75B /* Main.storyboard */,
				125EE58A1EB04CD90019D17F /* ConcatenateController.h */,
				125EE58B1EB04CD90019D17F /* ConcatenateController.m */,
				1215A6761EA848AC0021F75B /* Extension */,
				1215A6661EA8469B0021F75B /* h5.html */,
				1215A64E1EA8453E0021F75B /* Assets.xcassets */,
				1215A6501EA8453E0021F75B /* LaunchScreen.storyboard */,
				1215A6531EA8453E0021F75B /* Info.plist */,
				1215A6421EA8453E0021F75B /* Supporting Files */,
			);
			path = WKBridge;
			sourceTree = "<group>";
		};
		1215A6421EA8453E0021F75B /* Supporting Files */ = {
			isa = PBXGroup;
			children = (
				1215A6431EA8453E0021F75B /* main.m */,
			);
			name = "Supporting Files";
			sourceTree = "<group>";
		};
		1215A6681EA8488B0021F75B /* WKJsBridge */ = {
			isa = PBXGroup;
			children = (
				1215A6891EA855250021F75B /* module */,
				1215A6691EA8488B0021F75B /* WKBridge.h */,
				1215A66A1EA8488B0021F75B /* WKBridge.m */,
				125EE59F1EB0855D0019D17F /* WKController.m */,
				1215A66B1EA8488B0021F75B /* WKController.h */,
				1215A66D1EA8488B0021F75B /* WKJsBridge.h */,
				1215A66E1EA8488B0021F75B /* WKJsBridge.m */,
				1215A66F1EA8488B0021F75B /* WKWebView+JS.h */,
				1215A6701EA8488B0021F75B /* WKWebView+JS.m */,
			);
			path = WKJsBridge;
			sourceTree = "<group>";
		};
		1215A6761EA848AC0021F75B /* Extension */ = {
			isa = PBXGroup;
			children = (
				1215A67E1EA8497F0021F75B /* NSObjectExtension.h */,
				1215A67F1EA8497F0021F75B /* NSObjectExtension.m */,
				1215A67D1EA849420021F75B /* dimensions.h */,
				1215A67A1EA849070021F75B /* NSString+Add.h */,
				1215A67B1EA849070021F75B /* NSString+Add.m */,
				1215A6771EA848C30021F75B /* UIViewControllerExtension.h */,
				1215A6781EA848C30021F75B /* UIViewControllerExtension.m */,
			);
			name = Extension;
			sourceTree = "<group>";
		};
		1215A6891EA855250021F75B /* module */ = {
			isa = PBXGroup;
			children = (
				1215A6901EA8554D0021F75B /* WKLogBridge.h */,
				1215A6911EA8554D0021F75B /* WKLogBridge.m */,
				1215A68A1EA855250021F75B /* WKAlertBridge.h */,
				1215A68B1EA855250021F75B /* WKAlertBridge.m */,
				1215A68C1EA855250021F75B /* WKNavigationBridge.h */,
				1215A68D1EA855250021F75B /* WKNavigationBridge.m */,
			);
			path = module;
			sourceTree = "<group>";
		};
/* End PBXGroup section */

/* Begin PBXNativeTarget section */
		1215A63E1EA8453E0021F75B /* WKBridge */ = {
			isa = PBXNativeTarget;
			buildConfigurationList = 1215A6561EA8453E0021F75B /* Build configuration list for PBXNativeTarget "WKBridge" */;
			buildPhases = (
				1215A63B1EA8453E0021F75B /* Sources */,
				1215A63C1EA8453E0021F75B /* Frameworks */,
				1215A63D1EA8453E0021F75B /* Resources */,
			);
			buildRules = (
			);
			dependencies = (
			);
			name = WKBridge;
			productName = WKBridge;
			productReference = 1215A63F1EA8453E0021F75B /* WKBridge.app */;
			productType = "com.apple.product-type.application";
		};
/* End PBXNativeTarget section */

/* Begin PBXProject section */
		1215A6371EA8453E0021F75B /* Project object */ = {
			isa = PBXProject;
			attributes = {
				LastUpgradeCheck = 0820;
				ORGANIZATIONNAME = qq;
				TargetAttributes = {
					1215A63E1EA8453E0021F75B = {
						CreatedOnToolsVersion = 8.2.1;
						ProvisioningStyle = Automatic;
					};
				};
			};
			buildConfigurationList = 1215A63A1EA8453E0021F75B /* Build configuration list for PBXProject "WKBridge" */;
			compatibilityVersion = "Xcode 3.2";
			developmentRegion = English;
			hasScannedForEncodings = 0;
			knownRegions = (
				en,
				Base,
			);
			mainGroup = 1215A6361EA8453E0021F75B;
			productRefGroup = 1215A6401EA8453E0021F75B /* Products */;
			projectDirPath = "";
			projectRoot = "";
			targets = (
				1215A63E1EA8453E0021F75B /* WKBridge */,
			);
		};
/* End PBXProject section */

/* Begin PBXResourcesBuildPhase section */
		1215A63D1EA8453E0021F75B /* Resources */ = {
			isa = PBXResourcesBuildPhase;
			buildActionMask = 2147483647;
			files = (
				1215A6521EA8453E0021F75B /* LaunchScreen.storyboard in Resources */,
				1215A64F1EA8453E0021F75B /* Assets.xcassets in Resources */,
				1215A64D1EA8453E0021F75B /* Main.storyboard in Resources */,
				1215A6671EA8469B0021F75B /* h5.html in Resources */,
			);
			runOnlyForDeploymentPostprocessing = 0;
		};
/* End PBXResourcesBuildPhase section */

/* Begin PBXSourcesBuildPhase section */
		1215A63B1EA8453E0021F75B /* Sources */ = {
			isa = PBXSourcesBuildPhase;
			buildActionMask = 2147483647;
			files = (
				1215A6791EA848C30021F75B /* UIViewControllerExtension.m in Sources */,
				1215A6741EA8488B0021F75B /* WKWebView+JS.m in Sources */,
				1215A6711EA8488B0021F75B /* WKBridge.m in Sources */,
				1215A64A1EA8453E0021F75B /* ViewController.m in Sources */,
				1215A6471EA8453E0021F75B /* AppDelegate.m in Sources */,
				1215A6801EA8497F0021F75B /* NSObjectExtension.m in Sources */,
				1215A6441EA8453E0021F75B /* main.m in Sources */,
				1215A67C1EA849070021F75B /* NSString+Add.m in Sources */,
				1215A68E1EA855250021F75B /* WKAlertBridge.m in Sources */,
				125EE5A01EB0855D0019D17F /* WKController.m in Sources */,
				1215A6921EA8554D0021F75B /* WKLogBridge.m in Sources */,
				1215A68F1EA855250021F75B /* WKNavigationBridge.m in Sources */,
				1215A6731EA8488B0021F75B /* WKJsBridge.m in Sources */,
				125EE58C1EB04CD90019D17F /* ConcatenateController.m in Sources */,
			);
			runOnlyForDeploymentPostprocessing = 0;
		};
/* End PBXSourcesBuildPhase section */

/* Begin PBXVariantGroup section */
		1215A64B1EA8453E0021F75B /* Main.storyboard */ = {
			isa = PBXVariantGroup;
			children = (
				1215A64C1EA8453E0021F75B /* Base */,
			);
			name = Main.storyboard;
			sourceTree = "<group>";
		};
		1215A6501EA8453E0021F75B /* LaunchScreen.storyboard */ = {
			isa = PBXVariantGroup;
			children = (
				1215A6511EA8453E0021F75B /* Base */,
			);
			name = LaunchScreen.storyboard;
			sourceTree = "<group>";
		};
/* End PBXVariantGroup section */

/* Begin XCBuildConfiguration section */
		1215A6541EA8453E0021F75B /* Debug */ = {
			isa = XCBuildConfiguration;
			buildSettings = {
				ALWAYS_SEARCH_USER_PATHS = NO;
				CLANG_ANALYZER_NONNULL = YES;
				CLANG_CXX_LANGUAGE_STANDARD = "gnu++0x";
				CLANG_CXX_LIBRARY = "libc++";
				CLANG_ENABLE_MODULES = YES;
				CLANG_ENABLE_OBJC_ARC = YES;
				CLANG_WARN_BOOL_CONVERSION = YES;
				CLANG_WARN_CONSTANT_CONVERSION = YES;
				CLANG_WARN_DIRECT_OBJC_ISA_USAGE = YES_ERROR;
				CLANG_WARN_DOCUMENTATION_COMMENTS = YES;
				CLANG_WARN_EMPTY_BODY = YES;
				CLANG_WARN_ENUM_CONVERSION = YES;
				CLANG_WARN_INFINITE_RECURSION = YES;
				CLANG_WARN_INT_CONVERSION = YES;
				CLANG_WARN_OBJC_ROOT_CLASS = YES_ERROR;
				CLANG_WARN_SUSPICIOUS_MOVE = YES;
				CLANG_WARN_UNREACHABLE_CODE = YES;
				CLANG_WARN__DUPLICATE_METHOD_MATCH = YES;
				"CODE_SIGN_IDENTITY[sdk=iphoneos*]" = "iPhone Developer";
				COPY_PHASE_STRIP = NO;
				DEBUG_INFORMATION_FORMAT = dwarf;
				ENABLE_STRICT_OBJC_MSGSEND = YES;
				ENABLE_TESTABILITY = YES;
				GCC_C_LANGUAGE_STANDARD = gnu99;
				GCC_DYNAMIC_NO_PIC = NO;
				GCC_NO_COMMON_BLOCKS = YES;
				GCC_OPTIMIZATION_LEVEL = 0;
				GCC_PREPROCESSOR_DEFINITIONS = (
					"DEBUG=1",
					"$(inherited)",
				);
				GCC_WARN_64_TO_32_BIT_CONVERSION = YES;
				GCC_WARN_ABOUT_RETURN_TYPE = YES_ERROR;
				GCC_WARN_UNDECLARED_SELECTOR = YES;
				GCC_WARN_UNINITIALIZED_AUTOS = YES_AGGRESSIVE;
				GCC_WARN_UNUSED_FUNCTION = YES;
				GCC_WARN_UNUSED_VARIABLE = YES;
				IPHONEOS_DEPLOYMENT_TARGET = 10.2;
				MTL_ENABLE_DEBUG_INFO = YES;
				ONLY_ACTIVE_ARCH = YES;
				SDKROOT = iphoneos;
			};
			name = Debug;
		};
		1215A6551EA8453E0021F75B /* Release */ = {
			isa = XCBuildConfiguration;
			buildSettings = {
				ALWAYS_SEARCH_USER_PATHS = NO;
				CLANG_ANALYZER_NONNULL = YES;
				CLANG_CXX_LANGUAGE_STANDARD = "gnu++0x";
				CLANG_CXX_LIBRARY = "libc++";
				CLANG_ENABLE_MODULES = YES;
				CLANG_ENABLE_OBJC_ARC = YES;
				CLANG_WARN_BOOL_CONVERSION = YES;
				CLANG_WARN_CONSTANT_CONVERSION = YES;
				CLANG_WARN_DIRECT_OBJC_ISA_USAGE = YES_ERROR;
				CLANG_WARN_DOCUMENTATION_COMMENTS = YES;
				CLANG_WARN_EMPTY_BODY = YES;
				CLANG_WARN_ENUM_CONVERSION = YES;
				CLANG_WARN_INFINITE_RECURSION = YES;
				CLANG_WARN_INT_CONVERSION = YES;
				CLANG_WARN_OBJC_ROOT_CLASS = YES_ERROR;
				CLANG_WARN_SUSPICIOUS_MOVE = YES;
				CLANG_WARN_UNREACHABLE_CODE = YES;
				CLANG_WARN__DUPLICATE_METHOD_MATCH = YES;
				"CODE_SIGN_IDENTITY[sdk=iphoneos*]" = "iPhone Developer";
				COPY_PHASE_STRIP = NO;
				DEBUG_INFORMATION_FORMAT = "dwarf-with-dsym";
				ENABLE_NS_ASSERTIONS = NO;
				ENABLE_STRICT_OBJC_MSGSEND = YES;
				GCC_C_LANGUAGE_STANDARD = gnu99;
				GCC_NO_COMMON_BLOCKS = YES;
				GCC_WARN_64_TO_32_BIT_CONVERSION = YES;
				GCC_WARN_ABOUT_RETURN_TYPE = YES_ERROR;
				GCC_WARN_UNDECLARED_SELECTOR = YES;
				GCC_WARN_UNINITIALIZED_AUTOS = YES_AGGRESSIVE;
				GCC_WARN_UNUSED_FUNCTION = YES;
				GCC_WARN_UNUSED_VARIABLE = YES;
				IPHONEOS_DEPLOYMENT_TARGET = 10.2;
				MTL_ENABLE_DEBUG_INFO = NO;
				SDKROOT = iphoneos;
				VALIDATE_PRODUCT = YES;
			};
			name = Release;
		};
		1215A6571EA8453E0021F75B /* Debug */ = {
			isa = XCBuildConfiguration;
			buildSettings = {
				ASSETCATALOG_COMPILER_APPICON_NAME = AppIcon;
				INFOPLIST_FILE = WKBridge/Info.plist;
				LD_RUNPATH_SEARCH_PATHS = "$(inherited) @executable_path/Frameworks";
				PRODUCT_BUNDLE_IDENTIFIER = mytest.WKBridge;
				PRODUCT_NAME = "$(TARGET_NAME)";
			};
			name = Debug;
		};
		1215A6581EA8453E0021F75B /* Release */ = {
			isa = XCBuildConfiguration;
			buildSettings = {
				ASSETCATALOG_COMPILER_APPICON_NAME = AppIcon;
				INFOPLIST_FILE = WKBridge/Info.plist;
				LD_RUNPATH_SEARCH_PATHS = "$(inherited) @executable_path/Frameworks";
				PRODUCT_BUNDLE_IDENTIFIER = mytest.WKBridge;
				PRODUCT_NAME = "$(TARGET_NAME)";
			};
			name = Release;
		};
/* End XCBuildConfiguration section */

/* Begin XCConfigurationList section */
		1215A63A1EA8453E0021F75B /* Build configuration list for PBXProject "WKBridge" */ = {
			isa = XCConfigurationList;
			buildConfigurations = (
				1215A6541EA8453E0021F75B /* Debug */,
				1215A6551EA8453E0021F75B /* Release */,
			);
			defaultConfigurationIsVisible = 0;
			defaultConfigurationName = Release;
		};
		1215A6561EA8453E0021F75B /* Build configuration list for PBXNativeTarget "WKBridge" */ = {
			isa = XCConfigurationList;
			buildConfigurations = (
				1215A6571EA8453E0021F75B /* Debug */,
				1215A6581EA8453E0021F75B /* Release */,
			);
			defaultConfigurationIsVisible = 0;
			defaultConfigurationName = Release;
		};
/* End XCConfigurationList section */
	};
	rootObject = 1215A6371EA8453E0021F75B /* Project object */;
}
